<?xml version="1.0" encoding="UTF-8" standalone="yes" ?>
<CodeBlocks_project_file>
	<FileVersion major="1" minor="6" />
	<Project>
		<Option title="SceneEditor" />
		<Option pch_mode="2" />
		<Option compiler="gcc" />
		<Build>
			<Target title="Debug">
				<Option output="../Linux/bin/Debug/SceneEditor" prefix_auto="1" extension_auto="1" />
				<Option object_output="../Linux/obj/Debug/" />
				<Option type="1" />
				<Option compiler="gcc" />
				<Compiler>
					<Add option="-Wall" />
					<Add option="-g" />
				</Compiler>
				<Linker>
					<Add directory="../Linux/bin/Debug" />
				</Linker>
			</Target>
			<Target title="Release">
				<Option output="../Linux/bin/Release/SceneEditor" prefix_auto="1" extension_auto="1" />
				<Option object_output="../Linux/obj/Release/" />
				<Option type="1" />
				<Option compiler="gcc" />
				<Compiler>
					<Add option="-O2" />
				</Compiler>
				<Linker>
					<Add option="-s" />
					<Add directory="../Linux/bin/Release" />
				</Linker>
			</Target>
		</Build>
		<Compiler>
			<Add option="-std=c++0x" />
			<Add option="-Wall" />
			<Add option="-fexceptions" />
			<Add option="-fPIC" />
			<Add option="-DQT_NO_OPENGL" />
			<Add option="-DGLM_FORCE_RADIANS" />
			<Add directory="../Canis" />
			<Add directory="$CANIS_DEP_INC" />
			<Add directory="$(CANIS_QT_DIR)/include" />
			<Add directory="$(CANIS_QT_DIR)/include/Qt5Gui" />
			<Add directory="$(CANIS_DEP_INC)/bullet" />
		</Compiler>
		<Linker>
			<Add option="-Wl,--rpath -Wl,$(CANIS_QT_DIR)/lib" />
			<Add option="-lQt5Gui" />
			<Add option="-lQt5Core" />
			<Add option="-lQt5Widgets" />
			<Add option="-lQt5X11Extras" />
			<Add option="-lX11" />
			<Add option="-lGL" />
			<Add option="-lGLEW" />
			<Add option="-lBulletSoftBody" />
			<Add option="-lBulletDynamics" />
			<Add option="-lBulletCollision" />
			<Add option="-lLinearMath" />
			<Add option="-lSOIL" />
			<Add option="-lassimp" />
			<Add option="-lCanis" />
			<Add directory="$CANIS_DEP_LIB" />
			<Add directory="$(CANIS_QT_DIR)/lib" />
		</Linker>
		<ExtraCommands>
			<Add before="/bin/sh $(PROJECTDIR)Scripts/moc.sh" />
			<Add before="/bin/sh $(PROJECTDIR)Scripts/uic.sh" />
			<Add before="/bin/sh $(PROJECTDIR)Scripts/rcc.sh" />
		</ExtraCommands>
		<Unit filename="AboutWindow.cpp" />
		<Unit filename="AboutWindow.h" />
		<Unit filename="AboutWindow.ui" />
		<Unit filename="AddEntityDialog.cpp" />
		<Unit filename="AddEntityDialog.h" />
		<Unit filename="AddEntityDialog.ui" />
		<Unit filename="AddNodeDialog.cpp" />
		<Unit filename="AddNodeDialog.h" />
		<Unit filename="AddNodeDialog.ui" />
		<Unit filename="Common.h" />
		<Unit filename="EntityDialogManager.cpp" />
		<Unit filename="EntityDialogManager.h" />
		<Unit filename="GL3Widget.cpp" />
		<Unit filename="GL3Widget.h" />
		<Unit filename="GeneratedFiles/moc_AboutWindow.cpp" />
		<Unit filename="GeneratedFiles/moc_AddEntityDialog.cpp" />
		<Unit filename="GeneratedFiles/moc_AddNodeDialog.cpp" />
		<Unit filename="GeneratedFiles/moc_Common.cpp" />
		<Unit filename="GeneratedFiles/moc_EntityDialogManager.cpp" />
		<Unit filename="GeneratedFiles/moc_GL3Widget.cpp" />
		<Unit filename="GeneratedFiles/moc_IEntityDialog.cpp" />
		<Unit filename="GeneratedFiles/moc_IEntityDialogFactory.cpp" />
		<Unit filename="GeneratedFiles/moc_MainWindow.cpp" />
		<Unit filename="GeneratedFiles/moc_PerspectiveView.cpp" />
		<Unit filename="GeneratedFiles/moc_PropDialog.cpp" />
		<Unit filename="GeneratedFiles/moc_PropDialogFactory.cpp" />
		<Unit filename="GeneratedFiles/qrc_MainWindow.cpp" />
		<Unit filename="IEntityDialog.h" />
		<Unit filename="IEntityDialogFactory.h" />
		<Unit filename="MainWindow.cpp" />
		<Unit filename="MainWindow.h" />
		<Unit filename="MainWindow.qrc" />
		<Unit filename="MainWindow.ui" />
		<Unit filename="PerspectiveView.cpp" />
		<Unit filename="PerspectiveView.h" />
		<Unit filename="PropDialog.cpp" />
		<Unit filename="PropDialog.h" />
		<Unit filename="PropDialogFactory.cpp" />
		<Unit filename="PropDialogFactory.h" />
		<Unit filename="main.cpp" />
		<Unit filename="ui_AboutWindow.h" />
		<Unit filename="ui_AddEntityDialog.h" />
		<Unit filename="ui_AddNodeDialog.h" />
		<Unit filename="ui_MainWindow.h" />
		<Extensions>
			<code_completion />
			<debugger />
			<envvars />
		</Extensions>
	</Project>
</CodeBlocks_project_file>
