<?xml version="1.0" encoding="utf-8"?>
<Project ToolsVersion="4.0" xmlns="http://schemas.microsoft.com/developer/msbuild/2003">
  <ItemGroup>
    <Filter Include="Form Files">
      <UniqueIdentifier>{99349809-55BA-4b9d-BF79-8FDBB0286EB3}</UniqueIdentifier>
      <Extensions>ui</Extensions>
    </Filter>
    <Filter Include="Resource Files">
      <UniqueIdentifier>{D9D6E242-F8AF-46E4-B9FD-80ECBC20BA3E}</UniqueIdentifier>
      <Extensions>qrc;*</Extensions>
      <ParseFiles>false</ParseFiles>
    </Filter>
    <Filter Include="Generated Files">
      <UniqueIdentifier>{71ED8ED8-ACB9-4CE9-BBE1-E00B30144E11}</UniqueIdentifier>
      <Extensions>moc;h;cpp</Extensions>
      <SourceControlFiles>False</SourceControlFiles>
    </Filter>
    <Filter Include="Generated Files\Debug">
      <UniqueIdentifier>{e4283896-9ebb-4447-9114-710177646229}</UniqueIdentifier>
      <Extensions>cpp;moc</Extensions>
      <SourceControlFiles>False</SourceControlFiles>
    </Filter>
    <Filter Include="Generated Files\Release">
      <UniqueIdentifier>{39ddddf0-2bfe-4be1-8425-fefb86974204}</UniqueIdentifier>
      <Extensions>cpp;moc</Extensions>
      <SourceControlFiles>False</SourceControlFiles>
    </Filter>
    <Filter Include="Plugin System">
      <UniqueIdentifier>{922d85a3-e192-4471-a592-cd18c56f3a7b}</UniqueIdentifier>
    </Filter>
    <Filter Include="Interface">
      <UniqueIdentifier>{32374109-839f-4295-8dd4-cc329dd37736}</UniqueIdentifier>
    </Filter>
    <Filter Include="Interface\Header Files">
      <UniqueIdentifier>{93995380-89BD-4b04-88EB-625FBE52EBFB}</UniqueIdentifier>
      <Extensions>h</Extensions>
    </Filter>
    <Filter Include="Interface\Source Files">
      <UniqueIdentifier>{4FC737F1-C7A5-4376-A066-2A32D752A2FF}</UniqueIdentifier>
      <Extensions>cpp;cxx;c;def</Extensions>
    </Filter>
    <Filter Include="Plugin System\Header Files">
      <UniqueIdentifier>{9ce486ed-969c-40aa-819d-012d142fca9f}</UniqueIdentifier>
      <Extensions>h</Extensions>
    </Filter>
    <Filter Include="Plugin System\Source Files">
      <UniqueIdentifier>{dbca87d1-d602-4fd6-8753-87d841cc5fb8}</UniqueIdentifier>
      <Extensions>cpp</Extensions>
    </Filter>
    <Filter Include="Entity Dialogs">
      <UniqueIdentifier>{67ecd100-6304-4e50-a2ed-c33dcfeed032}</UniqueIdentifier>
    </Filter>
    <Filter Include="Entity Dialogs\Header Files">
      <UniqueIdentifier>{d1faabc8-b264-4930-aed0-5cdb3c11ffc1}</UniqueIdentifier>
    </Filter>
    <Filter Include="Entity Dialogs\Source Files">
      <UniqueIdentifier>{51472e3e-0f6f-45f7-a32a-e8d79ea7a4b5}</UniqueIdentifier>
    </Filter>
  </ItemGroup>
  <ItemGroup>
    <ClCompile Include="main.cpp">
      <Filter>Interface\Source Files</Filter>
    </ClCompile>
    <ClCompile Include="MainWindow.cpp">
      <Filter>Interface\Source Files</Filter>
    </ClCompile>
    <ClCompile Include="GeneratedFiles\Debug\moc_MainWindow.cpp">
      <Filter>Generated Files\Debug</Filter>
    </ClCompile>
    <ClCompile Include="GeneratedFiles\Release\moc_MainWindow.cpp">
      <Filter>Generated Files\Release</Filter>
    </ClCompile>
    <ClCompile Include="GeneratedFiles\qrc_MainWindow.cpp">
      <Filter>Generated Files</Filter>
    </ClCompile>
    <ClCompile Include="PerspectiveView.cpp">
      <Filter>Interface\Source Files</Filter>
    </ClCompile>
    <ClCompile Include="GeneratedFiles\Debug\moc_PerspectiveView.cpp">
      <Filter>Generated Files\Debug</Filter>
    </ClCompile>
    <ClCompile Include="GeneratedFiles\Release\moc_PerspectiveView.cpp">
      <Filter>Generated Files\Release</Filter>
    </ClCompile>
    <ClCompile Include="GL3Widget.cpp">
      <Filter>Interface\Source Files</Filter>
    </ClCompile>
    <ClCompile Include="GeneratedFiles\Debug\moc_GL3Widget.cpp">
      <Filter>Generated Files\Debug</Filter>
    </ClCompile>
    <ClCompile Include="GeneratedFiles\Release\moc_GL3Widget.cpp">
      <Filter>Generated Files\Release</Filter>
    </ClCompile>
    <ClCompile Include="AboutWindow.cpp">
      <Filter>Interface\Source Files</Filter>
    </ClCompile>
    <ClCompile Include="GeneratedFiles\Debug\moc_AboutWindow.cpp">
      <Filter>Generated Files\Debug</Filter>
    </ClCompile>
    <ClCompile Include="GeneratedFiles\Release\moc_AboutWindow.cpp">
      <Filter>Generated Files\Release</Filter>
    </ClCompile>
    <ClCompile Include="GeneratedFiles\Debug\moc_AddNodeDialog.cpp">
      <Filter>Generated Files\Debug</Filter>
    </ClCompile>
    <ClCompile Include="GeneratedFiles\Release\moc_AddNodeDialog.cpp">
      <Filter>Generated Files\Release</Filter>
    </ClCompile>
    <ClCompile Include="AddNodeDialog.cpp">
      <Filter>Interface\Source Files</Filter>
    </ClCompile>
    <ClCompile Include="AddEntityDialog.cpp">
      <Filter>Interface\Source Files</Filter>
    </ClCompile>
    <ClCompile Include="GeneratedFiles\Debug\moc_AddEntityDialog.cpp">
      <Filter>Generated Files\Debug</Filter>
    </ClCompile>
    <ClCompile Include="GeneratedFiles\Release\moc_AddEntityDialog.cpp">
      <Filter>Generated Files\Release</Filter>
    </ClCompile>
    <ClCompile Include="EntityDialogManager.cpp">
      <Filter>Plugin System\Source Files</Filter>
    </ClCompile>
    <ClCompile Include="PropDialogFactory.cpp">
      <Filter>Entity Dialogs\Source Files</Filter>
    </ClCompile>
    <ClCompile Include="GeneratedFiles\Debug\moc_PropDialogFactory.cpp">
      <Filter>Generated Files\Debug</Filter>
    </ClCompile>
    <ClCompile Include="GeneratedFiles\Release\moc_PropDialogFactory.cpp">
      <Filter>Generated Files\Release</Filter>
    </ClCompile>
    <ClCompile Include="PropDialog.cpp">
      <Filter>Entity Dialogs\Source Files</Filter>
    </ClCompile>
    <ClCompile Include="GeneratedFiles\Debug\moc_IEntityDialog.cpp">
      <Filter>Generated Files\Debug</Filter>
    </ClCompile>
    <ClCompile Include="GeneratedFiles\Release\moc_IEntityDialog.cpp">
      <Filter>Generated Files\Release</Filter>
    </ClCompile>
    <ClCompile Include="GeneratedFiles\Debug\moc_PropDialog.cpp">
      <Filter>Generated Files\Debug</Filter>
    </ClCompile>
    <ClCompile Include="GeneratedFiles\Release\moc_PropDialog.cpp">
      <Filter>Generated Files\Release</Filter>
    </ClCompile>
  </ItemGroup>
  <ItemGroup>
    <CustomBuild Include="MainWindow.h">
      <Filter>Interface\Header Files</Filter>
    </CustomBuild>
    <CustomBuild Include="MainWindow.ui">
      <Filter>Form Files</Filter>
    </CustomBuild>
    <CustomBuild Include="MainWindow.qrc">
      <Filter>Resource Files</Filter>
    </CustomBuild>
    <CustomBuild Include="PerspectiveView.h">
      <Filter>Interface\Header Files</Filter>
    </CustomBuild>
    <CustomBuild Include="GL3Widget.h">
      <Filter>Interface\Header Files</Filter>
    </CustomBuild>
    <CustomBuild Include="AboutWindow.ui">
      <Filter>Form Files</Filter>
    </CustomBuild>
    <CustomBuild Include="AboutWindow.h">
      <Filter>Interface\Header Files</Filter>
    </CustomBuild>
    <CustomBuild Include="AddNodeDialog.ui">
      <Filter>Form Files</Filter>
    </CustomBuild>
    <CustomBuild Include="AddNodeDialog.h">
      <Filter>Interface\Header Files</Filter>
    </CustomBuild>
    <CustomBuild Include="AddEntityDialog.ui">
      <Filter>Form Files</Filter>
    </CustomBuild>
    <CustomBuild Include="AddEntityDialog.h">
      <Filter>Interface\Header Files</Filter>
    </CustomBuild>
    <CustomBuild Include="PropDialogFactory.h">
      <Filter>Entity Dialogs\Header Files</Filter>
    </CustomBuild>
    <CustomBuild Include="IEntityDialog.h">
      <Filter>Plugin System\Header Files</Filter>
    </CustomBuild>
    <CustomBuild Include="PropDialog.h">
      <Filter>Entity Dialogs\Header Files</Filter>
    </CustomBuild>
  </ItemGroup>
  <ItemGroup>
    <ClInclude Include="GeneratedFiles\ui_MainWindow.h">
      <Filter>Generated Files</Filter>
    </ClInclude>
    <ClInclude Include="Common.h">
      <Filter>Interface\Header Files</Filter>
    </ClInclude>
    <ClInclude Include="GeneratedFiles\ui_AboutWindow.h">
      <Filter>Generated Files</Filter>
    </ClInclude>
    <ClInclude Include="GeneratedFiles\ui_AddNodeDialog.h">
      <Filter>Generated Files</Filter>
    </ClInclude>
    <ClInclude Include="GeneratedFiles\ui_AddEntityDialog.h">
      <Filter>Generated Files</Filter>
    </ClInclude>
    <ClInclude Include="IEntityDialogFactory.h">
      <Filter>Plugin System\Header Files</Filter>
    </ClInclude>
    <ClInclude Include="EntityDialogManager.h">
      <Filter>Plugin System\Header Files</Filter>
    </ClInclude>
  </ItemGroup>
</Project>